
Microsoft Visual Studio Solution File, Format Version 12.00
# Visual Studio Version 16
VisualStudioVersion = 16.0.32802.440
MinimumVisualStudioVersion = 10.0.40219.1
Project("{FAE04EC0-301F-11D3-BF4B-00C04F79EFBC}") = "My_Project", "My_Project\My_Project.csproj", "{450A8415-E731-4CC6-A8C6-60554DE54180}"
EndProject
Global
	GlobalSection(SolutionConfigurationPlatforms) = preSolution
		Debug|Any CPU = Debug|Any CPU
		Release|Any CPU = Release|Any CPU
	EndGlobalSection
	GlobalSection(ProjectConfigurationPlatforms) = postSolution
		{450A8415-E731-4CC6-A8C6-60554DE54180}.Debug|Any CPU.ActiveCfg = Debug|Any CPU
		{450A8415-E731-4CC6-A8C6-60554DE54180}.Debug|Any CPU.Build.0 = Debug|Any CPU
		{450A8415-E731-4CC6-A8C6-60554DE54180}.Release|Any CPU.ActiveCfg = Release|Any CPU
		{450A8415-E731-4CC6-A8C6-60554DE54180}.Release|Any CPU.Build.0 = Release|Any CPU
	EndGlobalSection
	GlobalSection(SolutionProperties) = preSolution
		HideSolutionNode = FALSE
	EndGlobalSection
	GlobalSection(ExtensibilityGlobals) = postSolution
		SolutionGuid = {20056821-9E2B-4A19-8B33-BC5510AADAED}
	EndGlobalSection
EndGlobal
